
Microsoft Visual Studio Solution File, Format Version 12.00
# Visual Studio Version 17
VisualStudioVersion = 17.4.33205.214
MinimumVisualStudioVersion = 10.0.40219.1
Project("{FAE04EC0-301F-11D3-BF4B-00C04F79EFBC}") = "StraightOutOfTheWizard.Android", "StraightOutOfTheWizard.Android\StraightOutOfTheWizard.Android.csproj", "{9F374457-43E0-4C80-B7CF-AC54F4078DD8}"
EndProject
Project("{FAE04EC0-301F-11D3-BF4B-00C04F79EFBC}") = "StraightOutOfTheWizard.iOS", "StraightOutOfTheWizard.iOS\StraightOutOfTheWizard.iOS.csproj", "{4B9E0944-29C8-4387-A51D-0D877C2959CA}"
EndProject
Project("{FAE04EC0-301F-11D3-BF4B-00C04F79EFBC}") = "StraightOutOfTheWizard", "StraightOutOfTheWizard\StraightOutOfTheWizard.csproj", "{F4148429-9BA7-44CA-B7E9-E583F8F71BD4}"
EndProject
Global
	GlobalSection(SolutionConfigurationPlatforms) = preSolution
		Debug|Any CPU = Debug|Any CPU
		Debug|iPhone = Debug|iPhone
		Debug|iPhoneSimulator = Debug|iPhoneSimulator
		Release|Any CPU = Release|Any CPU
		Release|iPhone = Release|iPhone
		Release|iPhoneSimulator = Release|iPhoneSimulator
	EndGlobalSection
	GlobalSection(ProjectConfigurationPlatforms) = postSolution
		{9F374457-43E0-4C80-B7CF-AC54F4078DD8}.Debug|Any CPU.ActiveCfg = Debug|Any CPU
		{9F374457-43E0-4C80-B7CF-AC54F4078DD8}.Debug|Any CPU.Build.0 = Debug|Any CPU
		{9F374457-43E0-4C80-B7CF-AC54F4078DD8}.Debug|Any CPU.Deploy.0 = Debug|Any CPU
		{9F374457-43E0-4C80-B7CF-AC54F4078DD8}.Debug|iPhone.ActiveCfg = Debug|Any CPU
		{9F374457-43E0-4C80-B7CF-AC54F4078DD8}.Debug|iPhone.Build.0 = Debug|Any CPU
		{9F374457-43E0-4C80-B7CF-AC54F4078DD8}.Debug|iPhone.Deploy.0 = Debug|Any CPU
		{9F374457-43E0-4C80-B7CF-AC54F4078DD8}.Debug|iPhoneSimulator.ActiveCfg = Debug|Any CPU
		{9F374457-43E0-4C80-B7CF-AC54F4078DD8}.Debug|iPhoneSimulator.Build.0 = Debug|Any CPU
		{9F374457-43E0-4C80-B7CF-AC54F4078DD8}.Debug|iPhoneSimulator.Deploy.0 = Debug|Any CPU
		{9F374457-43E0-4C80-B7CF-AC54F4078DD8}.Release|Any CPU.ActiveCfg = Release|Any CPU
		{9F374457-43E0-4C80-B7CF-AC54F4078DD8}.Release|Any CPU.Build.0 = Release|Any CPU
		{9F374457-43E0-4C80-B7CF-AC54F4078DD8}.Release|Any CPU.Deploy.0 = Release|Any CPU
		{9F374457-43E0-4C80-B7CF-AC54F4078DD8}.Release|iPhone.ActiveCfg = Release|Any CPU
		{9F374457-43E0-4C80-B7CF-AC54F4078DD8}.Release|iPhone.Build.0 = Release|Any CPU
		{9F374457-43E0-4C80-B7CF-AC54F4078DD8}.Release|iPhone.Deploy.0 = Release|Any CPU
		{9F374457-43E0-4C80-B7CF-AC54F4078DD8}.Release|iPhoneSimulator.ActiveCfg = Release|Any CPU
		{9F374457-43E0-4C80-B7CF-AC54F4078DD8}.Release|iPhoneSimulator.Build.0 = Release|Any CPU
		{9F374457-43E0-4C80-B7CF-AC54F4078DD8}.Release|iPhoneSimulator.Deploy.0 = Release|Any CPU
		{4B9E0944-29C8-4387-A51D-0D877C2959CA}.Debug|Any CPU.ActiveCfg = Debug|iPhone
		{4B9E0944-29C8-4387-A51D-0D877C2959CA}.Debug|Any CPU.Build.0 = Debug|iPhone
		{4B9E0944-29C8-4387-A51D-0D877C2959CA}.Debug|Any CPU.Deploy.0 = Debug|iPhone
		{4B9E0944-29C8-4387-A51D-0D877C2959CA}.Debug|iPhone.ActiveCfg = Debug|iPhone
		{4B9E0944-29C8-4387-A51D-0D877C2959CA}.Debug|iPhone.Build.0 = Debug|iPhone
		{4B9E0944-29C8-4387-A51D-0D877C2959CA}.Debug|iPhone.Deploy.0 = Debug|iPhone
		{4B9E0944-29C8-4387-A51D-0D877C2959CA}.Debug|iPhoneSimulator.ActiveCfg = Debug|iPhoneSimulator
		{4B9E0944-29C8-4387-A51D-0D877C2959CA}.Debug|iPhoneSimulator.Build.0 = Debug|iPhoneSimulator
		{4B9E0944-29C8-4387-A51D-0D877C2959CA}.Debug|iPhoneSimulator.Deploy.0 = Debug|iPhoneSimulator
		{4B9E0944-29C8-4387-A51D-0D877C2959CA}.Release|Any CPU.ActiveCfg = Release|iPhoneSimulator
		{4B9E0944-29C8-4387-A51D-0D877C2959CA}.Release|Any CPU.Build.0 = Release|iPhoneSimulator
		{4B9E0944-29C8-4387-A51D-0D877C2959CA}.Release|Any CPU.Deploy.0 = Release|iPhoneSimulator
		{4B9E0944-29C8-4387-A51D-0D877C2959CA}.Release|iPhone.ActiveCfg = Release|iPhone
		{4B9E0944-29C8-4387-A51D-0D877C2959CA}.Release|iPhone.Build.0 = Release|iPhone
		{4B9E0944-29C8-4387-A51D-0D877C2959CA}.Release|iPhone.Deploy.0 = Release|iPhone
		{4B9E0944-29C8-4387-A51D-0D877C2959CA}.Release|iPhoneSimulator.ActiveCfg = Release|iPhoneSimulator
		{4B9E0944-29C8-4387-A51D-0D877C2959CA}.Release|iPhoneSimulator.Build.0 = Release|iPhoneSimulator
		{4B9E0944-29C8-4387-A51D-0D877C2959CA}.Release|iPhoneSimulator.Deploy.0 = Release|iPhoneSimulator
		{F4148429-9BA7-44CA-B7E9-E583F8F71BD4}.Debug|Any CPU.ActiveCfg = Debug|Any CPU
		{F4148429-9BA7-44CA-B7E9-E583F8F71BD4}.Debug|Any CPU.Build.0 = Debug|Any CPU
		{F4148429-9BA7-44CA-B7E9-E583F8F71BD4}.Debug|Any CPU.Deploy.0 = Debug|Any CPU
		{F4148429-9BA7-44CA-B7E9-E583F8F71BD4}.Debug|iPhone.ActiveCfg = Debug|Any CPU
		{F4148429-9BA7-44CA-B7E9-E583F8F71BD4}.Debug|iPhone.Build.0 = Debug|Any CPU
		{F4148429-9BA7-44CA-B7E9-E583F8F71BD4}.Debug|iPhone.Deploy.0 = Debug|Any CPU
		{F4148429-9BA7-44CA-B7E9-E583F8F71BD4}.Debug|iPhoneSimulator.ActiveCfg = Debug|Any CPU
		{F4148429-9BA7-44CA-B7E9-E583F8F71BD4}.Debug|iPhoneSimulator.Build.0 = Debug|Any CPU
		{F4148429-9BA7-44CA-B7E9-E583F8F71BD4}.Debug|iPhoneSimulator.Deploy.0 = Debug|Any CPU
		{F4148429-9BA7-44CA-B7E9-E583F8F71BD4}.Release|Any CPU.ActiveCfg = Release|Any CPU
		{F4148429-9BA7-44CA-B7E9-E583F8F71BD4}.Release|Any CPU.Build.0 = Release|Any CPU
		{F4148429-9BA7-44CA-B7E9-E583F8F71BD4}.Release|Any CPU.Deploy.0 = Release|Any CPU
		{F4148429-9BA7-44CA-B7E9-E583F8F71BD4}.Release|iPhone.ActiveCfg = Release|Any CPU
		{F4148429-9BA7-44CA-B7E9-E583F8F71BD4}.Release|iPhone.Build.0 = Release|Any CPU
		{F4148429-9BA7-44CA-B7E9-E583F8F71BD4}.Release|iPhone.Deploy.0 = Release|Any CPU
		{F4148429-9BA7-44CA-B7E9-E583F8F71BD4}.Release|iPhoneSimulator.ActiveCfg = Release|Any CPU
		{F4148429-9BA7-44CA-B7E9-E583F8F71BD4}.Release|iPhoneSimulator.Build.0 = Release|Any CPU
		{F4148429-9BA7-44CA-B7E9-E583F8F71BD4}.Release|iPhoneSimulator.Deploy.0 = Release|Any CPU
	EndGlobalSection
	GlobalSection(SolutionProperties) = preSolution
		HideSolutionNode = FALSE
	EndGlobalSection
	GlobalSection(ExtensibilityGlobals) = postSolution
		SolutionGuid = {F26D59F0-77B2-46AA-9151-EA8370D75054}
	EndGlobalSection
EndGlobal
